// !$*UTF8*$!
{
	archiveVersion = 1;
	classes = {
	};
	objectVersion = 46;
	objects = {

/* Begin PBXBuildFile section */
		77152A4B1D2C13A600D8766A /* PlaySoundsViewController.swift in Sources */ = {isa = PBXBuildFile; fileRef = 77152A4A1D2C13A600D8766A /* PlaySoundsViewController.swift */; };
		7724FB411D2B410C0009BB87 /* AppDelegate.swift in Sources */ = {isa = PBXBuildFile; fileRef = 7724FB401D2B410C0009BB87 /* AppDelegate.swift */; };
		7724FB431D2B410C0009BB87 /* ViewController.swift in Sources */ = {isa = PBXBuildFile; fileRef = 7724FB421D2B410C0009BB87 /* ViewController.swift */; };
		7724FB461D2B410C0009BB87 /* Main.storyboard in Resources */ = {isa = PBXBuildFile; fileRef = 7724FB441D2B410C0009BB87 /* Main.storyboard */; };
		7724FB481D2B410C0009BB87 /* Assets.xcassets in Resources */ = {isa = PBXBuildFile; fileRef = 7724FB471D2B410C0009BB87 /* Assets.xcassets */; };
		7724FB4B1D2B410C0009BB87 /* LaunchScreen.storyboard in Resources */ = {isa = PBXBuildFile; fileRef = 7724FB491D2B410C0009BB87 /* LaunchScreen.storyboard */; };
		7761D8441D2D42E50082E390 /* PlaySoundsViewController+Audio.swift in Sources */ = {isa = PBXBuildFile; fileRef = 7761D8431D2D42E50082E390 /* PlaySoundsViewController+Audio.swift */; };
/* End PBXBuildFile section */

/* Begin PBXFileReference section */
		77152A4A1D2C13A600D8766A /* PlaySoundsViewController.swift */ = {isa = PBXFileReference; fileEncoding = 4; lastKnownFileType = sourcecode.swift; path = PlaySoundsViewController.swift; sourceTree = "<group>"; };
		7724FB3D1D2B410C0009BB87 /* Pitch Perfect.app */ = {isa = PBXFileReference; explicitFileType = wrapper.application; includeInIndex = 0; path = "Pitch Perfect.app"; sourceTree = BUILT_PRODUCTS_DIR; };
		7724FB401D2B410C0009BB87 /* AppDelegate.swift */ = {isa = PBXFileReference; lastKnownFileType = sourcecode.swift; path = AppDelegate.swift; sourceTree = "<group>"; };
		7724FB421D2B410C0009BB87 /* ViewController.swift */ = {isa = PBXFileReference; lastKnownFileType = sourcecode.swift; path = ViewController.swift; sourceTree = "<group>"; };
		7724FB451D2B410C0009BB87 /* Base */ = {isa = PBXFileReference; lastKnownFileType = file.storyboard; name = Base; path = Base.lproj/Main.storyboard; sourceTree = "<group>"; };
		7724FB471D2B410C0009BB87 /* Assets.xcassets */ = {isa = PBXFileReference; lastKnownFileType = folder.assetcatalog; path = Assets.xcassets; sourceTree = "<group>"; };
		7724FB4A1D2B410C0009BB87 /* Base */ = {isa = PBXFileReference; lastKnownFileType = file.storyboard; name = Base; path = Base.lproj/LaunchScreen.storyboard; sourceTree = "<group>"; };
		7724FB4C1D2B410C0009BB87 /* Info.plist */ = {isa = PBXFileReference; lastKnownFileType = text.plist.xml; path = Info.plist; sourceTree = "<group>"; };
		7761D8431D2D42E50082E390 /* PlaySoundsViewController+Audio.swift */ = {isa = PBXFileReference; fileEncoding = 4; lastKnownFileType = sourcecode.swift; path = "PlaySoundsViewController+Audio.swift"; sourceTree = "<group>"; };
/* End PBXFileReference section */

/* Begin PBXFrameworksBuildPhase section */
		7724FB3A1D2B410C0009BB87 /* Frameworks */ = {
			isa = PBXFrameworksBuildPhase;
			buildActionMask = 2147483647;
			files = (
			);
			runOnlyForDeploymentPostprocessing = 0;
		};
/* End PBXFrameworksBuildPhase section */

/* Begin PBXGroup section */
		7724FB341D2B410C0009BB87 = {
			isa = PBXGroup;
			children = (
				7724FB3F1D2B410C0009BB87 /* Pitch Perfect */,
				7724FB3E1D2B410C0009BB87 /* Products */,
			);
			sourceTree = "<group>";
		};
		7724FB3E1D2B410C0009BB87 /* Products */ = {
			isa = PBXGroup;
			children = (
				7724FB3D1D2B410C0009BB87 /* Pitch Perfect.app */,
			);
			name = Products;
			sourceTree = "<group>";
		};
		7724FB3F1D2B410C0009BB87 /* Pitch Perfect */ = {
			isa = PBXGroup;
			children = (
				7761D8431D2D42E50082E390 /* PlaySoundsViewController+Audio.swift */,
				7724FB401D2B410C0009BB87 /* AppDelegate.swift */,
				7724FB421D2B410C0009BB87 /* ViewController.swift */,
				7724FB441D2B410C0009BB87 /* Main.storyboard */,
				7724FB471D2B410C0009BB87 /* Assets.xcassets */,
				7724FB491D2B410C0009BB87 /* LaunchScreen.storyboard */,
				7724FB4C1D2B410C0009BB87 /* Info.plist */,
				77152A4A1D2C13A600D8766A /* PlaySoundsViewController.swift */,
			);
			path = "Pitch Perfect";
			sourceTree = "<group>";
		};
/* End PBXGroup section */

/* Begin PBXNativeTarget section */
		7724FB3C1D2B410C0009BB87 /* Pitch Perfect */ = {
			isa = PBXNativeTarget;
			buildConfigurationList = 7724FB4F1D2B410C0009BB87 /* Build configuration list for PBXNativeTarget "Pitch Perfect" */;
			buildPhases = (
				7724FB391D2B410C0009BB87 /* Sources */,
				7724FB3A1D2B410C0009BB87 /* Frameworks */,
				7724FB3B1D2B410C0009BB87 /* Resources */,
			);
			buildRules = (
			);
			dependencies = (
			);
			name = "Pitch Perfect";
			productName = "Pitch Perfect";
			productReference = 7724FB3D1D2B410C0009BB87 /* Pitch Perfect.app */;
			productType = "com.apple.product-type.application";
		};
/* End PBXNativeTarget section */

/* Begin PBXProject section */
		7724FB351D2B410C0009BB87 /* Project object */ = {
			isa = PBXProject;
			attributes = {
				LastSwiftUpdateCheck = 0730;
				LastUpgradeCheck = 0730;
				ORGANIZATIONNAME = "X-trange Apps";
				TargetAttributes = {
					7724FB3C1D2B410C0009BB87 = {
						CreatedOnToolsVersion = 7.3.1;
						DevelopmentTeam = 7ZT3589WE6;
					};
				};
			};
			buildConfigurationList = 7724FB381D2B410C0009BB87 /* Build configuration list for PBXProject "Pitch Perfect" */;
			compatibilityVersion = "Xcode 3.2";
			developmentRegion = English;
			hasScannedForEncodings = 0;
			knownRegions = (
				en,
				Base,
			);
			mainGroup = 7724FB341D2B410C0009BB87;
			productRefGroup = 7724FB3E1D2B410C0009BB87 /* Products */;
			projectDirPath = "";
			projectRoot = "";
			targets = (
				7724FB3C1D2B410C0009BB87 /* Pitch Perfect */,
			);
		};
/* End PBXProject section */

/* Begin PBXResourcesBuildPhase section */
		7724FB3B1D2B410C0009BB87 /* Resources */ = {
			isa = PBXResourcesBuildPhase;
			buildActionMask = 2147483647;
			files = (
				7724FB4B1D2B410C0009BB87 /* LaunchScreen.storyboard in Resources */,
				7724FB481D2B410C0009BB87 /* Assets.xcassets in Resources */,
				7724FB461D2B410C0009BB87 /* Main.storyboard in Resources */,
			);
			runOnlyForDeploymentPostprocessing = 0;
		};
/* End PBXResourcesBuildPhase section */

/* Begin PBXSourcesBuildPhase section */
		7724FB391D2B410C0009BB87 /* Sources */ = {
			isa = PBXSourcesBuildPhase;
			buildActionMask = 2147483647;
			files = (
				7724FB431D2B410C0009BB87 /* ViewController.swift in Sources */,
				7761D8441D2D42E50082E390 /* PlaySoundsViewController+Audio.swift in Sources */,
				7724FB411D2B410C0009BB87 /* AppDelegate.swift in Sources */,
				77152A4B1D2C13A600D8766A /* PlaySoundsViewController.swift in Sources */,
			);
			runOnlyForDeploymentPostprocessing = 0;
		};
/* End PBXSourcesBuildPhase section */

/* Begin PBXVariantGroup section */
		7724FB441D2B410C0009BB87 /* Main.storyboard */ = {
			isa = PBXVariantGroup;
			children = (
				7724FB451D2B410C0009BB87 /* Base */,
			);
			name = Main.storyboard;
			sourceTree = "<group>";
		};
		7724FB491D2B410C0009BB87 /* LaunchScreen.storyboard */ = {
			isa = PBXVariantGroup;
			children = (
				7724FB4A1D2B410C0009BB87 /* Base */,
			);
			name = LaunchScreen.storyboard;
			sourceTree = "<group>";
		};
/* End PBXVariantGroup section */

/* Begin XCBuildConfiguration section */
		7724FB4D1D2B410C0009BB87 /* Debug */ = {
			isa = XCBuildConfiguration;
			buildSettings = {
				ALWAYS_SEARCH_USER_PATHS = NO;
				CLANG_ANALYZER_NONNULL = YES;
				CLANG_CXX_LANGUAGE_STANDARD = "gnu++0x";
				CLANG_CXX_LIBRARY = "libc++";
				CLANG_ENABLE_MODULES = YES;
				CLANG_ENABLE_OBJC_ARC = YES;
				CLANG_WARN_BOOL_CONVERSION = YES;
				CLANG_WARN_CONSTANT_CONVERSION = YES;
				CLANG_WARN_DIRECT_OBJC_ISA_USAGE = YES_ERROR;
				CLANG_WARN_EMPTY_BODY = YES;
				CLANG_WARN_ENUM_CONVERSION = YES;
				CLANG_WARN_INT_CONVERSION = YES;
				CLANG_WARN_OBJC_ROOT_CLASS = YES_ERROR;
				CLANG_WARN_UNREACHABLE_CODE = YES;
				CLANG_WARN__DUPLICATE_METHOD_MATCH = YES;
				"CODE_SIGN_IDENTITY[sdk=iphoneos*]" = "iPhone Developer";
				COPY_PHASE_STRIP = NO;
				DEBUG_INFORMATION_FORMAT = dwarf;
				ENABLE_STRICT_OBJC_MSGSEND = YES;
				ENABLE_TESTABILITY = YES;
				GCC_C_LANGUAGE_STANDARD = gnu99;
				GCC_DYNAMIC_NO_PIC = NO;
				GCC_NO_COMMON_BLOCKS = YES;
				GCC_OPTIMIZATION_LEVEL = 0;
				GCC_PREPROCESSOR_DEFINITIONS = (
					"DEBUG=1",
					"$(inherited)",
				);
				GCC_WARN_64_TO_32_BIT_CONVERSION = YES;
				GCC_WARN_ABOUT_RETURN_TYPE = YES_ERROR;
				GCC_WARN_UNDECLARED_SELECTOR = YES;
				GCC_WARN_UNINITIALIZED_AUTOS = YES_AGGRESSIVE;
				GCC_WARN_UNUSED_FUNCTION = YES;
				GCC_WARN_UNUSED_VARIABLE = YES;
				IPHONEOS_DEPLOYMENT_TARGET = 9.3;
				MTL_ENABLE_DEBUG_INFO = YES;
				ONLY_ACTIVE_ARCH = YES;
				SDKROOT = iphoneos;
				SWIFT_OPTIMIZATION_LEVEL = "-Onone";
			};
			name = Debug;
		};
		7724FB4E1D2B410C0009BB87 /* Release */ = {
			isa = XCBuildConfiguration;
			buildSettings = {
				ALWAYS_SEARCH_USER_PATHS = NO;
				CLANG_ANALYZER_NONNULL = YES;
				CLANG_CXX_LANGUAGE_STANDARD = "gnu++0x";
				CLANG_CXX_LIBRARY = "libc++";
				CLANG_ENABLE_MODULES = YES;
				CLANG_ENABLE_OBJC_ARC = YES;
				CLANG_WARN_BOOL_CONVERSION = YES;
				CLANG_WARN_CONSTANT_CONVERSION = YES;
				CLANG_WARN_DIRECT_OBJC_ISA_USAGE = YES_ERROR;
				CLANG_WARN_EMPTY_BODY = YES;
				CLANG_WARN_ENUM_CONVERSION = YES;
				CLANG_WARN_INT_CONVERSION = YES;
				CLANG_WARN_OBJC_ROOT_CLASS = YES_ERROR;
				CLANG_WARN_UNREACHABLE_CODE = YES;
				CLANG_WARN__DUPLICATE_METHOD_MATCH = YES;
				"CODE_SIGN_IDENTITY[sdk=iphoneos*]" = "iPhone Developer";
				COPY_PHASE_STRIP = NO;
				DEBUG_INFORMATION_FORMAT = "dwarf-with-dsym";
				ENABLE_NS_ASSERTIONS = NO;
				ENABLE_STRICT_OBJC_MSGSEND = YES;
				GCC_C_LANGUAGE_STANDARD = gnu99;
				GCC_NO_COMMON_BLOCKS = YES;
				GCC_WARN_64_TO_32_BIT_CONVERSION = YES;
				GCC_WARN_ABOUT_RETURN_TYPE = YES_ERROR;
				GCC_WARN_UNDECLARED_SELECTOR = YES;
				GCC_WARN_UNINITIALIZED_AUTOS = YES_AGGRESSIVE;
				GCC_WARN_UNUSED_FUNCTION = YES;
				GCC_WARN_UNUSED_VARIABLE = YES;
				IPHONEOS_DEPLOYMENT_TARGET = 9.3;
				MTL_ENABLE_DEBUG_INFO = NO;
				SDKROOT = iphoneos;
				VALIDATE_PRODUCT = YES;
			};
			name = Release;
		};
		7724FB501D2B410C0009BB87 /* Debug */ = {
			isa = XCBuildConfiguration;
			buildSettings = {
				ASSETCATALOG_COMPILER_APPICON_NAME = AppIcon;
				INFOPLIST_FILE = "Pitch Perfect/Info.plist";
				LD_RUNPATH_SEARCH_PATHS = "$(inherited) @executable_path/Frameworks";
				PRODUCT_BUNDLE_IDENTIFIER = "com.xtrange.apps.Pitch-Perfect";
				PRODUCT_NAME = "$(TARGET_NAME)";
			};
			name = Debug;
		};
		7724FB511D2B410C0009BB87 /* Release */ = {
			isa = XCBuildConfiguration;
			buildSettings = {
				ASSETCATALOG_COMPILER_APPICON_NAME = AppIcon;
				INFOPLIST_FILE = "Pitch Perfect/Info.plist";
				LD_RUNPATH_SEARCH_PATHS = "$(inherited) @executable_path/Frameworks";
				PRODUCT_BUNDLE_IDENTIFIER = "com.xtrange.apps.Pitch-Perfect";
				PRODUCT_NAME = "$(TARGET_NAME)";
			};
			name = Release;
		};
/* End XCBuildConfiguration section */

/* Begin XCConfigurationList section */
		7724FB381D2B410C0009BB87 /* Build configuration list for PBXProject "Pitch Perfect" */ = {
			isa = XCConfigurationList;
			buildConfigurations = (
				7724FB4D1D2B410C0009BB87 /* Debug */,
				7724FB4E1D2B410C0009BB87 /* Release */,
			);
			defaultConfigurationIsVisible = 0;
			defaultConfigurationName = Release;
		};
		7724FB4F1D2B410C0009BB87 /* Build configuration list for PBXNativeTarget "Pitch Perfect" */ = {
			isa = XCConfigurationList;
			buildConfigurations = (
				7724FB501D2B410C0009BB87 /* Debug */,
				7724FB511D2B410C0009BB87 /* Release */,
			);
			defaultConfigurationIsVisible = 0;
			defaultConfigurationName = Release;
		};
/* End XCConfigurationList section */
	};
	rootObject = 7724FB351D2B410C0009BB87 /* Project object */;
}
